
Microsoft Visual Studio Solution File, Format Version 12.00
# Visual Studio Version 17
VisualStudioVersion = 17.7.34024.191
MinimumVisualStudioVersion = 10.0.40219.1
Project("{2150E333-8FDC-42A3-9474-1A3956D46DE8}") = "Task0", "Task0", "{CA08BAA3-3626-41E8-9AB2-7D1F6A8524CA}"
EndProject
Project("{FAE04EC0-301F-11D3-BF4B-00C04F79EFBC}") = "Tyuiu.PetrovNE.Sprint2.Task0.V3", "Tyuiu.PetrovNE.Sprint2.Task0.V3\Tyuiu.PetrovNE.Sprint2.Task0.V3.csproj", "{6FE8C090-1862-4976-A35C-2B42AC0B7921}"
EndProject
Project("{FAE04EC0-301F-11D3-BF4B-00C04F79EFBC}") = "Tyuiu.PetrovNE.Sprint2.Task0.V3.Lib", "Tyuiu.PetrovNE.Sprint2.Task0.V3.Lib\Tyuiu.PetrovNE.Sprint2.Task0.V3.Lib.csproj", "{72E5D2B6-1701-4797-9B66-BFB5671FE27F}"
EndProject
Project("{FAE04EC0-301F-11D3-BF4B-00C04F79EFBC}") = "Tyuiu.PetrovNE.Sprint2.Task0.V3.Test", "Tyuiu.PetrovNE.Sprint2.Task0.V3.Test\Tyuiu.PetrovNE.Sprint2.Task0.V3.Test.csproj", "{AE00C610-8756-4999-964E-695DA924AAB1}"
EndProject
Project("{2150E333-8FDC-42A3-9474-1A3956D46DE8}") = "Task1", "Task1", "{F59CC523-E013-430A-8B14-00C4EEDE042C}"
EndProject
Project("{FAE04EC0-301F-11D3-BF4B-00C04F79EFBC}") = "Tyuiu.PetrovNE.Sprint2.Task1.V24", "Tyuiu.PetrovNE.Sprint2.Task1.V24\Tyuiu.PetrovNE.Sprint2.Task1.V24.csproj", "{EF0E4D68-C005-453B-83FF-0362E43AEFE3}"
EndProject
Project("{FAE04EC0-301F-11D3-BF4B-00C04F79EFBC}") = "Tyuiu.PetrovNE.Sprint2.Task1.V24.Lib", "Tyuiu.PetrovNE.Sprint2.Task1.V24.Lib\Tyuiu.PetrovNE.Sprint2.Task1.V24.Lib.csproj", "{23984ADB-9DA3-43B4-A3A8-08D34A7532A5}"
EndProject
Project("{FAE04EC0-301F-11D3-BF4B-00C04F79EFBC}") = "Tyuiu.PetrovNE.Sprint2.Task1.V24.Test", "Tyuiu.PetrovNE.Sprint2.Task1.V24.Test\Tyuiu.PetrovNE.Sprint2.Task1.V24.Test.csproj", "{40D7D901-7E8A-4BA7-AF80-5D2CF2EB4E9D}"
EndProject
Project("{2150E333-8FDC-42A3-9474-1A3956D46DE8}") = "Task2", "Task2", "{A1F63611-F7A2-4EB6-9922-449F2A11FF87}"
EndProject
Project("{FAE04EC0-301F-11D3-BF4B-00C04F79EFBC}") = "Tyuiu.PetrovNE.Sprint2.Task2.V16", "Tyuiu.PetrovNE.Sprint2.Task2.V16\Tyuiu.PetrovNE.Sprint2.Task2.V16.csproj", "{845D4981-8B78-47FB-8A05-A17CFA659BD7}"
EndProject
Project("{FAE04EC0-301F-11D3-BF4B-00C04F79EFBC}") = "Tyuiu.PetrovNE.Sprint2.Task2.V16.Lib", "Tyuiu.PetrovNE.Sprint2.Task2.V16.Lib\Tyuiu.PetrovNE.Sprint2.Task2.V16.Lib.csproj", "{039D08CB-593F-4A62-81D5-06690A365704}"
EndProject
Project("{FAE04EC0-301F-11D3-BF4B-00C04F79EFBC}") = "Tyuiu.PetrovNE.Sprint2.Task2.V16.Test", "Tyuiu.PetrovNE.Sprint2.Task2.V16.Test\Tyuiu.PetrovNE.Sprint2.Task2.V16.Test.csproj", "{DCFBDD30-0B2C-42F4-9154-B927469470DF}"
EndProject
Project("{2150E333-8FDC-42A3-9474-1A3956D46DE8}") = "Task3", "Task3", "{68AEB566-53AA-4FAF-A2F9-52C7D86BB677}"
EndProject
Project("{FAE04EC0-301F-11D3-BF4B-00C04F79EFBC}") = "Tyuiu.PetrovNE.Sprint2.Task3.V6", "Tyuiu.PetrovNE.Sprint2.Task3.V6\Tyuiu.PetrovNE.Sprint2.Task3.V6.csproj", "{293F89FA-366E-400D-A26D-DAD951D4F73E}"
EndProject
Project("{FAE04EC0-301F-11D3-BF4B-00C04F79EFBC}") = "Tyuiu.PetrovNE.Sprint2.Task3.V6.Lib", "Tyuiu.PetrovNE.Sprint2.Task3.V6.Lib\Tyuiu.PetrovNE.Sprint2.Task3.V6.Lib.csproj", "{1C7B7DCB-BAA0-4E5F-85F9-858A155C7EBC}"
EndProject
Project("{FAE04EC0-301F-11D3-BF4B-00C04F79EFBC}") = "Tyuiu.PetrovNE.Sprint2.Task3.V6.Test", "Tyuiu.PetrovNE.Sprint2.Task3.V6.Test\Tyuiu.PetrovNE.Sprint2.Task3.V6.Test.csproj", "{3F4756C2-CF89-40DB-93BC-CCD7601D647C}"
EndProject
Global
	GlobalSection(SolutionConfigurationPlatforms) = preSolution
		Debug|Any CPU = Debug|Any CPU
		Release|Any CPU = Release|Any CPU
	EndGlobalSection
	GlobalSection(ProjectConfigurationPlatforms) = postSolution
		{6FE8C090-1862-4976-A35C-2B42AC0B7921}.Debug|Any CPU.ActiveCfg = Debug|Any CPU
		{6FE8C090-1862-4976-A35C-2B42AC0B7921}.Debug|Any CPU.Build.0 = Debug|Any CPU
		{6FE8C090-1862-4976-A35C-2B42AC0B7921}.Release|Any CPU.ActiveCfg = Release|Any CPU
		{6FE8C090-1862-4976-A35C-2B42AC0B7921}.Release|Any CPU.Build.0 = Release|Any CPU
		{72E5D2B6-1701-4797-9B66-BFB5671FE27F}.Debug|Any CPU.ActiveCfg = Debug|Any CPU
		{72E5D2B6-1701-4797-9B66-BFB5671FE27F}.Debug|Any CPU.Build.0 = Debug|Any CPU
		{72E5D2B6-1701-4797-9B66-BFB5671FE27F}.Release|Any CPU.ActiveCfg = Release|Any CPU
		{72E5D2B6-1701-4797-9B66-BFB5671FE27F}.Release|Any CPU.Build.0 = Release|Any CPU
		{AE00C610-8756-4999-964E-695DA924AAB1}.Debug|Any CPU.ActiveCfg = Debug|Any CPU
		{AE00C610-8756-4999-964E-695DA924AAB1}.Debug|Any CPU.Build.0 = Debug|Any CPU
		{AE00C610-8756-4999-964E-695DA924AAB1}.Release|Any CPU.ActiveCfg = Release|Any CPU
		{AE00C610-8756-4999-964E-695DA924AAB1}.Release|Any CPU.Build.0 = Release|Any CPU
		{EF0E4D68-C005-453B-83FF-0362E43AEFE3}.Debug|Any CPU.ActiveCfg = Debug|Any CPU
		{EF0E4D68-C005-453B-83FF-0362E43AEFE3}.Debug|Any CPU.Build.0 = Debug|Any CPU
		{EF0E4D68-C005-453B-83FF-0362E43AEFE3}.Release|Any CPU.ActiveCfg = Release|Any CPU
		{EF0E4D68-C005-453B-83FF-0362E43AEFE3}.Release|Any CPU.Build.0 = Release|Any CPU
		{23984ADB-9DA3-43B4-A3A8-08D34A7532A5}.Debug|Any CPU.ActiveCfg = Debug|Any CPU
		{23984ADB-9DA3-43B4-A3A8-08D34A7532A5}.Debug|Any CPU.Build.0 = Debug|Any CPU
		{23984ADB-9DA3-43B4-A3A8-08D34A7532A5}.Release|Any CPU.ActiveCfg = Release|Any CPU
		{23984ADB-9DA3-43B4-A3A8-08D34A7532A5}.Release|Any CPU.Build.0 = Release|Any CPU
		{40D7D901-7E8A-4BA7-AF80-5D2CF2EB4E9D}.Debug|Any CPU.ActiveCfg = Debug|Any CPU
		{40D7D901-7E8A-4BA7-AF80-5D2CF2EB4E9D}.Debug|Any CPU.Build.0 = Debug|Any CPU
		{40D7D901-7E8A-4BA7-AF80-5D2CF2EB4E9D}.Release|Any CPU.ActiveCfg = Release|Any CPU
		{40D7D901-7E8A-4BA7-AF80-5D2CF2EB4E9D}.Release|Any CPU.Build.0 = Release|Any CPU
		{845D4981-8B78-47FB-8A05-A17CFA659BD7}.Debug|Any CPU.ActiveCfg = Debug|Any CPU
		{845D4981-8B78-47FB-8A05-A17CFA659BD7}.Debug|Any CPU.Build.0 = Debug|Any CPU
		{845D4981-8B78-47FB-8A05-A17CFA659BD7}.Release|Any CPU.ActiveCfg = Release|Any CPU
		{845D4981-8B78-47FB-8A05-A17CFA659BD7}.Release|Any CPU.Build.0 = Release|Any CPU
		{039D08CB-593F-4A62-81D5-06690A365704}.Debug|Any CPU.ActiveCfg = Debug|Any CPU
		{039D08CB-593F-4A62-81D5-06690A365704}.Debug|Any CPU.Build.0 = Debug|Any CPU
		{039D08CB-593F-4A62-81D5-06690A365704}.Release|Any CPU.ActiveCfg = Release|Any CPU
		{039D08CB-593F-4A62-81D5-06690A365704}.Release|Any CPU.Build.0 = Release|Any CPU
		{DCFBDD30-0B2C-42F4-9154-B927469470DF}.Debug|Any CPU.ActiveCfg = Debug|Any CPU
		{DCFBDD30-0B2C-42F4-9154-B927469470DF}.Debug|Any CPU.Build.0 = Debug|Any CPU
		{DCFBDD30-0B2C-42F4-9154-B927469470DF}.Release|Any CPU.ActiveCfg = Release|Any CPU
		{DCFBDD30-0B2C-42F4-9154-B927469470DF}.Release|Any CPU.Build.0 = Release|Any CPU
		{293F89FA-366E-400D-A26D-DAD951D4F73E}.Debug|Any CPU.ActiveCfg = Debug|Any CPU
		{293F89FA-366E-400D-A26D-DAD951D4F73E}.Debug|Any CPU.Build.0 = Debug|Any CPU
		{293F89FA-366E-400D-A26D-DAD951D4F73E}.Release|Any CPU.ActiveCfg = Release|Any CPU
		{293F89FA-366E-400D-A26D-DAD951D4F73E}.Release|Any CPU.Build.0 = Release|Any CPU
		{1C7B7DCB-BAA0-4E5F-85F9-858A155C7EBC}.Debug|Any CPU.ActiveCfg = Debug|Any CPU
		{1C7B7DCB-BAA0-4E5F-85F9-858A155C7EBC}.Debug|Any CPU.Build.0 = Debug|Any CPU
		{1C7B7DCB-BAA0-4E5F-85F9-858A155C7EBC}.Release|Any CPU.ActiveCfg = Release|Any CPU
		{1C7B7DCB-BAA0-4E5F-85F9-858A155C7EBC}.Release|Any CPU.Build.0 = Release|Any CPU
		{3F4756C2-CF89-40DB-93BC-CCD7601D647C}.Debug|Any CPU.ActiveCfg = Debug|Any CPU
		{3F4756C2-CF89-40DB-93BC-CCD7601D647C}.Debug|Any CPU.Build.0 = Debug|Any CPU
		{3F4756C2-CF89-40DB-93BC-CCD7601D647C}.Release|Any CPU.ActiveCfg = Release|Any CPU
		{3F4756C2-CF89-40DB-93BC-CCD7601D647C}.Release|Any CPU.Build.0 = Release|Any CPU
	EndGlobalSection
	GlobalSection(SolutionProperties) = preSolution
		HideSolutionNode = FALSE
	EndGlobalSection
	GlobalSection(NestedProjects) = preSolution
		{6FE8C090-1862-4976-A35C-2B42AC0B7921} = {CA08BAA3-3626-41E8-9AB2-7D1F6A8524CA}
		{72E5D2B6-1701-4797-9B66-BFB5671FE27F} = {CA08BAA3-3626-41E8-9AB2-7D1F6A8524CA}
		{AE00C610-8756-4999-964E-695DA924AAB1} = {CA08BAA3-3626-41E8-9AB2-7D1F6A8524CA}
		{EF0E4D68-C005-453B-83FF-0362E43AEFE3} = {F59CC523-E013-430A-8B14-00C4EEDE042C}
		{23984ADB-9DA3-43B4-A3A8-08D34A7532A5} = {F59CC523-E013-430A-8B14-00C4EEDE042C}
		{40D7D901-7E8A-4BA7-AF80-5D2CF2EB4E9D} = {F59CC523-E013-430A-8B14-00C4EEDE042C}
		{845D4981-8B78-47FB-8A05-A17CFA659BD7} = {A1F63611-F7A2-4EB6-9922-449F2A11FF87}
		{039D08CB-593F-4A62-81D5-06690A365704} = {A1F63611-F7A2-4EB6-9922-449F2A11FF87}
		{DCFBDD30-0B2C-42F4-9154-B927469470DF} = {A1F63611-F7A2-4EB6-9922-449F2A11FF87}
		{293F89FA-366E-400D-A26D-DAD951D4F73E} = {68AEB566-53AA-4FAF-A2F9-52C7D86BB677}
		{1C7B7DCB-BAA0-4E5F-85F9-858A155C7EBC} = {68AEB566-53AA-4FAF-A2F9-52C7D86BB677}
		{3F4756C2-CF89-40DB-93BC-CCD7601D647C} = {68AEB566-53AA-4FAF-A2F9-52C7D86BB677}
	EndGlobalSection
	GlobalSection(ExtensibilityGlobals) = postSolution
		SolutionGuid = {9BB530C8-8D22-4A72-BF39-03747ADEEAF8}
	EndGlobalSection
EndGlobal
